
Microsoft Visual Studio Solution File, Format Version 11.00
# Visual C# Express 2010
Project("{FAE04EC0-301F-11D3-BF4B-00C04F79EFBC}") = "Chapter 5", "Chapter 5\Chapter 5.csproj", "{122E2636-1000-4F0C-BF21-5051964CC105}"
EndProject
Project("{FAE04EC0-301F-11D3-BF4B-00C04F79EFBC}") = "IntegerList", "IntegerList\IntegerList.csproj", "{7F3066DD-7CD0-4EDC-A043-666628AE8570}"
EndProject
Project("{FAE04EC0-301F-11D3-BF4B-00C04F79EFBC}") = "CheckZips", "CheckZips\CheckZips.csproj", "{F49B4127-6BA4-40F6-A107-EF6F7C594000}"
EndProject
Global
	GlobalSection(SolutionConfigurationPlatforms) = preSolution
		Debug|x86 = Debug|x86
		Release|x86 = Release|x86
	EndGlobalSection
	GlobalSection(ProjectConfigurationPlatforms) = postSolution
		{122E2636-1000-4F0C-BF21-5051964CC105}.Debug|x86.ActiveCfg = Debug|x86
		{122E2636-1000-4F0C-BF21-5051964CC105}.Debug|x86.Build.0 = Debug|x86
		{122E2636-1000-4F0C-BF21-5051964CC105}.Release|x86.ActiveCfg = Release|x86
		{122E2636-1000-4F0C-BF21-5051964CC105}.Release|x86.Build.0 = Release|x86
		{7F3066DD-7CD0-4EDC-A043-666628AE8570}.Debug|x86.ActiveCfg = Debug|x86
		{7F3066DD-7CD0-4EDC-A043-666628AE8570}.Debug|x86.Build.0 = Debug|x86
		{7F3066DD-7CD0-4EDC-A043-666628AE8570}.Release|x86.ActiveCfg = Release|x86
		{7F3066DD-7CD0-4EDC-A043-666628AE8570}.Release|x86.Build.0 = Release|x86
		{F49B4127-6BA4-40F6-A107-EF6F7C594000}.Debug|x86.ActiveCfg = Debug|x86
		{F49B4127-6BA4-40F6-A107-EF6F7C594000}.Debug|x86.Build.0 = Debug|x86
		{F49B4127-6BA4-40F6-A107-EF6F7C594000}.Release|x86.ActiveCfg = Release|x86
		{F49B4127-6BA4-40F6-A107-EF6F7C594000}.Release|x86.Build.0 = Release|x86
	EndGlobalSection
	GlobalSection(SolutionProperties) = preSolution
		HideSolutionNode = FALSE
	EndGlobalSection
EndGlobal
